
Microsoft Visual Studio Solution File, Format Version 12.00
# Visual Studio 2013
VisualStudioVersion = 12.0.21005.1
MinimumVisualStudioVersion = 10.0.40219.1
Project("{FAE04EC0-301F-11D3-BF4B-00C04F79EFBC}") = "MMBot", "MMBot\MMBot.csproj", "{0CF33652-B99B-4854-BC70-250B6C2F646A}"
EndProject
Project("{FAE04EC0-301F-11D3-BF4B-00C04F79EFBC}") = "MMBot.Jabbr", "MMBot.Jabbr\MMBot.Jabbr.csproj", "{B7AD2B74-C2DD-49F5-9241-BDC5E5F71F23}"
EndProject
Project("{FAE04EC0-301F-11D3-BF4B-00C04F79EFBC}") = "MMBot.Runner", "MMBot.Runner\MMBot.Runner.csproj", "{C1A33745-2F1D-49BB-AB87-A6247B6C7F99}"
EndProject
Project("{2150E333-8FDC-42A3-9474-1A3956D46DE8}") = ".nuget", ".nuget", "{E502EF5B-FEF5-43D4-A64E-AA982999DBB7}"
	ProjectSection(SolutionItems) = preProject
		.nuget\NuGet.Config = .nuget\NuGet.Config
		.nuget\NuGet.exe = .nuget\NuGet.exe
		.nuget\NuGet.targets = .nuget\NuGet.targets
	EndProjectSection
EndProject
Project("{FAE04EC0-301F-11D3-BF4B-00C04F79EFBC}") = "MMBot.Spotify", "MMBot.Spotify\MMBot.Spotify.csproj", "{59C1FAA7-D7F0-4032-A850-A4FF03F890F6}"
EndProject
Project("{FAE04EC0-301F-11D3-BF4B-00C04F79EFBC}") = "ScriptCs.MMBot", "ScriptCs.MMBot\ScriptCs.MMBot.csproj", "{169423E3-2CB1-48CE-A24D-2B6A97FC0FE3}"
EndProject
Project("{FAE04EC0-301F-11D3-BF4B-00C04F79EFBC}") = "MMBot.HipChat", "MMBot.HipChat\MMBot.HipChat.csproj", "{4584C7B7-91F4-4F05-8188-4ECBDF9944CC}"
EndProject
Project("{FAE04EC0-301F-11D3-BF4B-00C04F79EFBC}") = "MMBot.Tester", "MMBot.Tester\MMBot.Tester.csproj", "{37EEF524-7F5B-4770-88D1-C9602F84D266}"
EndProject
Global
	GlobalSection(SolutionConfigurationPlatforms) = preSolution
		Debug|Any CPU = Debug|Any CPU
		Release|Any CPU = Release|Any CPU
	EndGlobalSection
	GlobalSection(ProjectConfigurationPlatforms) = postSolution
		{0CF33652-B99B-4854-BC70-250B6C2F646A}.Debug|Any CPU.ActiveCfg = Debug|Any CPU
		{0CF33652-B99B-4854-BC70-250B6C2F646A}.Debug|Any CPU.Build.0 = Debug|Any CPU
		{0CF33652-B99B-4854-BC70-250B6C2F646A}.Release|Any CPU.ActiveCfg = Release|Any CPU
		{0CF33652-B99B-4854-BC70-250B6C2F646A}.Release|Any CPU.Build.0 = Release|Any CPU
		{B7AD2B74-C2DD-49F5-9241-BDC5E5F71F23}.Debug|Any CPU.ActiveCfg = Debug|Any CPU
		{B7AD2B74-C2DD-49F5-9241-BDC5E5F71F23}.Debug|Any CPU.Build.0 = Debug|Any CPU
		{B7AD2B74-C2DD-49F5-9241-BDC5E5F71F23}.Release|Any CPU.ActiveCfg = Release|Any CPU
		{B7AD2B74-C2DD-49F5-9241-BDC5E5F71F23}.Release|Any CPU.Build.0 = Release|Any CPU
		{C1A33745-2F1D-49BB-AB87-A6247B6C7F99}.Debug|Any CPU.ActiveCfg = Debug|Any CPU
		{C1A33745-2F1D-49BB-AB87-A6247B6C7F99}.Debug|Any CPU.Build.0 = Debug|Any CPU
		{C1A33745-2F1D-49BB-AB87-A6247B6C7F99}.Release|Any CPU.ActiveCfg = Release|Any CPU
		{C1A33745-2F1D-49BB-AB87-A6247B6C7F99}.Release|Any CPU.Build.0 = Release|Any CPU
		{59C1FAA7-D7F0-4032-A850-A4FF03F890F6}.Debug|Any CPU.ActiveCfg = Debug|Any CPU
		{59C1FAA7-D7F0-4032-A850-A4FF03F890F6}.Debug|Any CPU.Build.0 = Debug|Any CPU
		{59C1FAA7-D7F0-4032-A850-A4FF03F890F6}.Release|Any CPU.ActiveCfg = Release|Any CPU
		{59C1FAA7-D7F0-4032-A850-A4FF03F890F6}.Release|Any CPU.Build.0 = Release|Any CPU
		{169423E3-2CB1-48CE-A24D-2B6A97FC0FE3}.Debug|Any CPU.ActiveCfg = Debug|Any CPU
		{169423E3-2CB1-48CE-A24D-2B6A97FC0FE3}.Debug|Any CPU.Build.0 = Debug|Any CPU
		{169423E3-2CB1-48CE-A24D-2B6A97FC0FE3}.Release|Any CPU.ActiveCfg = Release|Any CPU
		{169423E3-2CB1-48CE-A24D-2B6A97FC0FE3}.Release|Any CPU.Build.0 = Release|Any CPU
		{4584C7B7-91F4-4F05-8188-4ECBDF9944CC}.Debug|Any CPU.ActiveCfg = Debug|Any CPU
		{4584C7B7-91F4-4F05-8188-4ECBDF9944CC}.Debug|Any CPU.Build.0 = Debug|Any CPU
		{4584C7B7-91F4-4F05-8188-4ECBDF9944CC}.Release|Any CPU.ActiveCfg = Release|Any CPU
		{4584C7B7-91F4-4F05-8188-4ECBDF9944CC}.Release|Any CPU.Build.0 = Release|Any CPU
		{37EEF524-7F5B-4770-88D1-C9602F84D266}.Debug|Any CPU.ActiveCfg = Debug|Any CPU
		{37EEF524-7F5B-4770-88D1-C9602F84D266}.Debug|Any CPU.Build.0 = Debug|Any CPU
		{37EEF524-7F5B-4770-88D1-C9602F84D266}.Release|Any CPU.ActiveCfg = Release|Any CPU
		{37EEF524-7F5B-4770-88D1-C9602F84D266}.Release|Any CPU.Build.0 = Release|Any CPU
	EndGlobalSection
	GlobalSection(SolutionProperties) = preSolution
		HideSolutionNode = FALSE
	EndGlobalSection
EndGlobal
