
Microsoft Visual Studio Solution File, Format Version 12.00
# Visual Studio 2012
Project("{FAE04EC0-301F-11D3-BF4B-00C04F79EFBC}") = "MMBot.Core", "MMBot.Core\MMBot.Core.csproj", "{0CF33652-B99B-4854-BC70-250B6C2F646A}"
EndProject
Project("{FAE04EC0-301F-11D3-BF4B-00C04F79EFBC}") = "MMBot.Jabbr", "MMBot.Jabbr\MMBot.Jabbr.csproj", "{B7AD2B74-C2DD-49F5-9241-BDC5E5F71F23}"
EndProject
Project("{2150E333-8FDC-42A3-9474-1A3956D46DE8}") = ".nuget", ".nuget", "{E502EF5B-FEF5-43D4-A64E-AA982999DBB7}"
	ProjectSection(SolutionItems) = preProject
		.nuget\NuGet.Config = .nuget\NuGet.Config
		.nuget\NuGet.exe = .nuget\NuGet.exe
		.nuget\NuGet.targets = .nuget\NuGet.targets
	EndProjectSection
EndProject
Project("{FAE04EC0-301F-11D3-BF4B-00C04F79EFBC}") = "MMBot.Spotify", "MMBot.Spotify\MMBot.Spotify.csproj", "{59C1FAA7-D7F0-4032-A850-A4FF03F890F6}"
EndProject
Project("{FAE04EC0-301F-11D3-BF4B-00C04F79EFBC}") = "ScriptCs.MMBot", "ScriptCs.MMBot\ScriptCs.MMBot.csproj", "{169423E3-2CB1-48CE-A24D-2B6A97FC0FE3}"
EndProject
Project("{FAE04EC0-301F-11D3-BF4B-00C04F79EFBC}") = "MMBot.HipChat", "MMBot.HipChat\MMBot.HipChat.csproj", "{4584C7B7-91F4-4F05-8188-4ECBDF9944CC}"
EndProject
Project("{FAE04EC0-301F-11D3-BF4B-00C04F79EFBC}") = "MMBot.Tests", "MMBot.Tests\MMBot.Tests.csproj", "{8ED68CDA-175C-48D4-9777-D36852319427}"
EndProject
Project("{FAE04EC0-301F-11D3-BF4B-00C04F79EFBC}") = "MMBot.XMPP", "MMBot.XMPP\MMBot.XMPP.csproj", "{AD4B187E-A1EB-48E9-8E94-110AC78D23A3}"
EndProject
Project("{FAE04EC0-301F-11D3-BF4B-00C04F79EFBC}") = "MMBot.ScriptIt", "MMBot.ScriptIt\MMBot.ScriptIt.csproj", "{46BF9B55-40D8-4147-B50B-E43A4431FCC5}"
EndProject
Project("{FAE04EC0-301F-11D3-BF4B-00C04F79EFBC}") = "mmbot", "mmbot\mmbot.csproj", "{ABEC92B7-C798-4012-AC00-61EC662E1DD8}"
EndProject
Project("{FAE04EC0-301F-11D3-BF4B-00C04F79EFBC}") = "MMBot.Powershell", "MMBot.Powershell\MMBot.Powershell.csproj", "{DCBCD922-F3BC-4BC9-A99C-D8B0A9FA2AE5}"
EndProject
Global
	GlobalSection(SolutionConfigurationPlatforms) = preSolution
		Debug|Any CPU = Debug|Any CPU
		Release|Any CPU = Release|Any CPU
	EndGlobalSection
	GlobalSection(ProjectConfigurationPlatforms) = postSolution
		{0CF33652-B99B-4854-BC70-250B6C2F646A}.Debug|Any CPU.ActiveCfg = Debug|Any CPU
		{0CF33652-B99B-4854-BC70-250B6C2F646A}.Debug|Any CPU.Build.0 = Debug|Any CPU
		{0CF33652-B99B-4854-BC70-250B6C2F646A}.Release|Any CPU.ActiveCfg = Release|Any CPU
		{0CF33652-B99B-4854-BC70-250B6C2F646A}.Release|Any CPU.Build.0 = Release|Any CPU
		{B7AD2B74-C2DD-49F5-9241-BDC5E5F71F23}.Debug|Any CPU.ActiveCfg = Debug|Any CPU
		{B7AD2B74-C2DD-49F5-9241-BDC5E5F71F23}.Debug|Any CPU.Build.0 = Debug|Any CPU
		{B7AD2B74-C2DD-49F5-9241-BDC5E5F71F23}.Release|Any CPU.ActiveCfg = Release|Any CPU
		{B7AD2B74-C2DD-49F5-9241-BDC5E5F71F23}.Release|Any CPU.Build.0 = Release|Any CPU
		{59C1FAA7-D7F0-4032-A850-A4FF03F890F6}.Debug|Any CPU.ActiveCfg = Debug|Any CPU
		{59C1FAA7-D7F0-4032-A850-A4FF03F890F6}.Debug|Any CPU.Build.0 = Debug|Any CPU
		{59C1FAA7-D7F0-4032-A850-A4FF03F890F6}.Release|Any CPU.ActiveCfg = Release|Any CPU
		{59C1FAA7-D7F0-4032-A850-A4FF03F890F6}.Release|Any CPU.Build.0 = Release|Any CPU
		{169423E3-2CB1-48CE-A24D-2B6A97FC0FE3}.Debug|Any CPU.ActiveCfg = Debug|Any CPU
		{169423E3-2CB1-48CE-A24D-2B6A97FC0FE3}.Debug|Any CPU.Build.0 = Debug|Any CPU
		{169423E3-2CB1-48CE-A24D-2B6A97FC0FE3}.Release|Any CPU.ActiveCfg = Release|Any CPU
		{169423E3-2CB1-48CE-A24D-2B6A97FC0FE3}.Release|Any CPU.Build.0 = Release|Any CPU
		{4584C7B7-91F4-4F05-8188-4ECBDF9944CC}.Debug|Any CPU.ActiveCfg = Debug|Any CPU
		{4584C7B7-91F4-4F05-8188-4ECBDF9944CC}.Debug|Any CPU.Build.0 = Debug|Any CPU
		{4584C7B7-91F4-4F05-8188-4ECBDF9944CC}.Release|Any CPU.ActiveCfg = Release|Any CPU
		{4584C7B7-91F4-4F05-8188-4ECBDF9944CC}.Release|Any CPU.Build.0 = Release|Any CPU
		{8ED68CDA-175C-48D4-9777-D36852319427}.Debug|Any CPU.ActiveCfg = Debug|Any CPU
		{8ED68CDA-175C-48D4-9777-D36852319427}.Debug|Any CPU.Build.0 = Debug|Any CPU
		{8ED68CDA-175C-48D4-9777-D36852319427}.Release|Any CPU.ActiveCfg = Release|Any CPU
		{8ED68CDA-175C-48D4-9777-D36852319427}.Release|Any CPU.Build.0 = Release|Any CPU
		{AD4B187E-A1EB-48E9-8E94-110AC78D23A3}.Debug|Any CPU.ActiveCfg = Debug|Any CPU
		{AD4B187E-A1EB-48E9-8E94-110AC78D23A3}.Debug|Any CPU.Build.0 = Debug|Any CPU
		{AD4B187E-A1EB-48E9-8E94-110AC78D23A3}.Release|Any CPU.ActiveCfg = Release|Any CPU
		{AD4B187E-A1EB-48E9-8E94-110AC78D23A3}.Release|Any CPU.Build.0 = Release|Any CPU
		{46BF9B55-40D8-4147-B50B-E43A4431FCC5}.Debug|Any CPU.ActiveCfg = Debug|Any CPU
		{46BF9B55-40D8-4147-B50B-E43A4431FCC5}.Debug|Any CPU.Build.0 = Debug|Any CPU
		{46BF9B55-40D8-4147-B50B-E43A4431FCC5}.Release|Any CPU.ActiveCfg = Release|Any CPU
		{46BF9B55-40D8-4147-B50B-E43A4431FCC5}.Release|Any CPU.Build.0 = Release|Any CPU
		{ABEC92B7-C798-4012-AC00-61EC662E1DD8}.Debug|Any CPU.ActiveCfg = Debug|Any CPU
		{ABEC92B7-C798-4012-AC00-61EC662E1DD8}.Debug|Any CPU.Build.0 = Debug|Any CPU
		{ABEC92B7-C798-4012-AC00-61EC662E1DD8}.Release|Any CPU.ActiveCfg = Release|Any CPU
		{ABEC92B7-C798-4012-AC00-61EC662E1DD8}.Release|Any CPU.Build.0 = Release|Any CPU
		{DCBCD922-F3BC-4BC9-A99C-D8B0A9FA2AE5}.Debug|Any CPU.ActiveCfg = Debug|Any CPU
		{DCBCD922-F3BC-4BC9-A99C-D8B0A9FA2AE5}.Debug|Any CPU.Build.0 = Debug|Any CPU
		{DCBCD922-F3BC-4BC9-A99C-D8B0A9FA2AE5}.Release|Any CPU.ActiveCfg = Release|Any CPU
		{DCBCD922-F3BC-4BC9-A99C-D8B0A9FA2AE5}.Release|Any CPU.Build.0 = Release|Any CPU
	EndGlobalSection
	GlobalSection(SolutionProperties) = preSolution
		HideSolutionNode = FALSE
	EndGlobalSection
EndGlobal
